
Microsoft Visual Studio Solution File, Format Version 12.00
# Visual Studio Version 16
VisualStudioVersion = 16.0.30011.22
MinimumVisualStudioVersion = 10.0.40219.1
Project("{2150E333-8FDC-42A3-9474-1A3956D46DE8}") = "src", "src", "{F320501E-9822-4220-B833-04D1A94F7DCD}"
EndProject
Project("{2150E333-8FDC-42A3-9474-1A3956D46DE8}") = "test", "test", "{98CEC5D1-6552-49D5-B75F-35214756A837}"
EndProject
Project("{9A19103F-16F7-4668-BE54-9A1E7A4F7556}") = "SimpleCalculator.Api", "src\SimpleCalculator.Api\SimpleCalculator.Api.csproj", "{926839FA-A642-4230-9FBD-967FCF851E05}"
EndProject
Project("{9A19103F-16F7-4668-BE54-9A1E7A4F7556}") = "SimpleCalculator.Domain", "src\SimpleCalculator.Domain\SimpleCalculator.Domain.csproj", "{AB0AEB0F-7E33-4217-8F85-56E9D8B5C0FA}"
EndProject
Project("{9A19103F-16F7-4668-BE54-9A1E7A4F7556}") = "SimpleCalculator.Domain.Tests.Unit", "test\SimpleCalculator.Domain.Tests.Unit\SimpleCalculator.Domain.Tests.Unit.csproj", "{9E3EAE04-68ED-4B10-A863-2BAC663365C9}"
EndProject
Global
	GlobalSection(SolutionConfigurationPlatforms) = preSolution
		Debug|Any CPU = Debug|Any CPU
		Release|Any CPU = Release|Any CPU
	EndGlobalSection
	GlobalSection(ProjectConfigurationPlatforms) = postSolution
		{926839FA-A642-4230-9FBD-967FCF851E05}.Debug|Any CPU.ActiveCfg = Debug|Any CPU
		{926839FA-A642-4230-9FBD-967FCF851E05}.Debug|Any CPU.Build.0 = Debug|Any CPU
		{926839FA-A642-4230-9FBD-967FCF851E05}.Release|Any CPU.ActiveCfg = Release|Any CPU
		{926839FA-A642-4230-9FBD-967FCF851E05}.Release|Any CPU.Build.0 = Release|Any CPU
		{AB0AEB0F-7E33-4217-8F85-56E9D8B5C0FA}.Debug|Any CPU.ActiveCfg = Debug|Any CPU
		{AB0AEB0F-7E33-4217-8F85-56E9D8B5C0FA}.Debug|Any CPU.Build.0 = Debug|Any CPU
		{AB0AEB0F-7E33-4217-8F85-56E9D8B5C0FA}.Release|Any CPU.ActiveCfg = Release|Any CPU
		{AB0AEB0F-7E33-4217-8F85-56E9D8B5C0FA}.Release|Any CPU.Build.0 = Release|Any CPU
		{9E3EAE04-68ED-4B10-A863-2BAC663365C9}.Debug|Any CPU.ActiveCfg = Debug|Any CPU
		{9E3EAE04-68ED-4B10-A863-2BAC663365C9}.Debug|Any CPU.Build.0 = Debug|Any CPU
		{9E3EAE04-68ED-4B10-A863-2BAC663365C9}.Release|Any CPU.ActiveCfg = Release|Any CPU
		{9E3EAE04-68ED-4B10-A863-2BAC663365C9}.Release|Any CPU.Build.0 = Release|Any CPU
	EndGlobalSection
	GlobalSection(SolutionProperties) = preSolution
		HideSolutionNode = FALSE
	EndGlobalSection
	GlobalSection(NestedProjects) = preSolution
		{926839FA-A642-4230-9FBD-967FCF851E05} = {F320501E-9822-4220-B833-04D1A94F7DCD}
		{AB0AEB0F-7E33-4217-8F85-56E9D8B5C0FA} = {F320501E-9822-4220-B833-04D1A94F7DCD}
		{9E3EAE04-68ED-4B10-A863-2BAC663365C9} = {98CEC5D1-6552-49D5-B75F-35214756A837}
	EndGlobalSection
	GlobalSection(ExtensibilityGlobals) = postSolution
		SolutionGuid = {C18A3F3D-77D2-4C3B-86CB-576BC97ACD9B}
	EndGlobalSection
EndGlobal
